
Microsoft Visual Studio Solution File, Format Version 12.00
# Visual Studio Version 16
VisualStudioVersion = 16.0.29519.87
MinimumVisualStudioVersion = 10.0.40219.1
Project("{FAE04EC0-301F-11D3-BF4B-00C04F79EFBC}") = "Rainbow6", "Rainbow6\Rainbow6.csproj", "{92F545F1-642B-488F-9861-A6AFF332C1E3}"
EndProject
Global
	GlobalSection(SolutionConfigurationPlatforms) = preSolution
		Debug|Any CPU = Debug|Any CPU
		Release|Any CPU = Release|Any CPU
	EndGlobalSection
	GlobalSection(ProjectConfigurationPlatforms) = postSolution
		{92F545F1-642B-488F-9861-A6AFF332C1E3}.Debug|Any CPU.ActiveCfg = Debug|Any CPU
		{92F545F1-642B-488F-9861-A6AFF332C1E3}.Debug|Any CPU.Build.0 = Debug|Any CPU
		{92F545F1-642B-488F-9861-A6AFF332C1E3}.Release|Any CPU.ActiveCfg = Release|Any CPU
		{92F545F1-642B-488F-9861-A6AFF332C1E3}.Release|Any CPU.Build.0 = Release|Any CPU
	EndGlobalSection
	GlobalSection(SolutionProperties) = preSolution
		HideSolutionNode = FALSE
	EndGlobalSection
	GlobalSection(ExtensibilityGlobals) = postSolution
		SolutionGuid = {EBA009F3-012B-4FDD-A4BD-869EE5A324CE}
	EndGlobalSection
EndGlobal
